
Microsoft Visual Studio Solution File, Format Version 12.00
# Visual Studio Version 17
VisualStudioVersion = 17.14.36804.6 d17.14
MinimumVisualStudioVersion = 10.0.40219.1
Project("{FAE04EC0-301F-11D3-BF4B-00C04F79EFBC}") = "TfNSWOpenData", "TfNSWOpenData.csproj", "{7DC23359-96A7-922F-AB75-5DB7099C40C9}"
EndProject
Global
	GlobalSection(SolutionConfigurationPlatforms) = preSolution
		Debug|Any CPU = Debug|Any CPU
		Release|Any CPU = Release|Any CPU
	EndGlobalSection
	GlobalSection(ProjectConfigurationPlatforms) = postSolution
		{7DC23359-96A7-922F-AB75-5DB7099C40C9}.Debug|Any CPU.ActiveCfg = Debug|Any CPU
		{7DC23359-96A7-922F-AB75-5DB7099C40C9}.Debug|Any CPU.Build.0 = Debug|Any CPU
		{7DC23359-96A7-922F-AB75-5DB7099C40C9}.Release|Any CPU.ActiveCfg = Release|Any CPU
		{7DC23359-96A7-922F-AB75-5DB7099C40C9}.Release|Any CPU.Build.0 = Release|Any CPU
	EndGlobalSection
	GlobalSection(SolutionProperties) = preSolution
		HideSolutionNode = FALSE
	EndGlobalSection
	GlobalSection(ExtensibilityGlobals) = postSolution
		SolutionGuid = {8696FAC9-93B0-49D7-A847-DDFA82459DF4}
	EndGlobalSection
EndGlobal
